{
    "name": "gamext",
    "version": "1.0.0",
    "lockfileVersion": 1,
    "requires": true,
    "dependencies": {
        "@types/shortid": {
            "version": "0.0.29",
            "resolved": "https://registry.npmjs.org/@types/shortid/-/shortid-0.0.29.tgz",
            "integrity": "sha1-gJPuBBam4r8qpjOBCRFLP7/6Dps=",
            "dev": true
        },
        "nanoid": {
            "version": "2.1.0",
            "resolved": "https://registry.npmjs.org/nanoid/-/nanoid-2.1.0.tgz",
            "integrity": "sha512-g5WwS+p6Cm+zQhO2YOpRbQThZVnNb7DDq74h8YDCLfAGynrEOrbx2E16dc8ciENiP1va5sqaAruqn2sN+xpkWg=="
        },
        "shortid": {
            "version": "2.2.14",
            "resolved": "https://registry.npmjs.org/shortid/-/shortid-2.2.14.tgz",
            "integrity": "sha512-4UnZgr9gDdA1kaKj/38IiudfC3KHKhDc1zi/HSxd9FQDR0VLwH3/y79tZJLsVYPsJgIjeHjqIWaWVRJUj9qZOQ==",
            "requires": {
                "nanoid": "^2.0.0"
            }
        },
        "typescript": {
            "version": "3.6.2",
            "resolved": "https://registry.npmjs.org/typescript/-/typescript-3.6.2.tgz",
            "integrity": "sha512-lmQ4L+J6mnu3xweP8+rOrUwzmN+MRAj7TgtJtDaXE5PMyX2kCrklhg3rvOsOIfNeAWMQWO2F1GPc1kMD2vLAfw==",
            "dev": true
        }
    }
}
